// !$*UTF8*$!
{
	archiveVersion = 1;
	classes = {
	};
	objectVersion = 46;
	objects = {

/* Begin PBXBuildFile section */
		5E0168FB1AE77BD4006313F2 /* AppDelegate.swift in Sources */ = {isa = PBXBuildFile; fileRef = 5E0168FA1AE77BD4006313F2 /* AppDelegate.swift */; };
		5E0168FD1AE77BD4006313F2 /* SplashViewController.swift in Sources */ = {isa = PBXBuildFile; fileRef = 5E0168FC1AE77BD4006313F2 /* SplashViewController.swift */; };
		5E0169001AE77BD4006313F2 /* Main.storyboard in Resources */ = {isa = PBXBuildFile; fileRef = 5E0168FE1AE77BD4006313F2 /* Main.storyboard */; };
		5E0169021AE77BD4006313F2 /* Images.xcassets in Resources */ = {isa = PBXBuildFile; fileRef = 5E0169011AE77BD4006313F2 /* Images.xcassets */; };
		5E0169051AE77BD4006313F2 /* LaunchScreen.xib in Resources */ = {isa = PBXBuildFile; fileRef = 5E0169031AE77BD4006313F2 /* LaunchScreen.xib */; };
		5E0169111AE77BD4006313F2 /* YouSayTests.swift in Sources */ = {isa = PBXBuildFile; fileRef = 5E0169101AE77BD4006313F2 /* YouSayTests.swift */; };
		5E0169201AE77C5F006313F2 /* Bolts.framework in Frameworks */ = {isa = PBXBuildFile; fileRef = 5E01691A1AE77C5F006313F2 /* Bolts.framework */; };
		5E0169211AE77C5F006313F2 /* Parse.framework in Frameworks */ = {isa = PBXBuildFile; fileRef = 5E01691B1AE77C5F006313F2 /* Parse.framework */; };
		5E0169221AE77C5F006313F2 /* ParseCrashReporting.framework in Frameworks */ = {isa = PBXBuildFile; fileRef = 5E01691C1AE77C5F006313F2 /* ParseCrashReporting.framework */; };
		5E0169251AE77C5F006313F2 /* ParseUI.framework in Frameworks */ = {isa = PBXBuildFile; fileRef = 5E01691F1AE77C5F006313F2 /* ParseUI.framework */; };
		5E0169351AE77CD9006313F2 /* AudioToolbox.framework in Frameworks */ = {isa = PBXBuildFile; fileRef = 5E0169281AE77CD9006313F2 /* AudioToolbox.framework */; };
		5E0169361AE77CD9006313F2 /* CFNetwork.framework in Frameworks */ = {isa = PBXBuildFile; fileRef = 5E0169291AE77CD9006313F2 /* CFNetwork.framework */; };
		5E0169371AE77CD9006313F2 /* CoreGraphics.framework in Frameworks */ = {isa = PBXBuildFile; fileRef = 5E01692A1AE77CD9006313F2 /* CoreGraphics.framework */; };
		5E0169381AE77CD9006313F2 /* CoreLocation.framework in Frameworks */ = {isa = PBXBuildFile; fileRef = 5E01692B1AE77CD9006313F2 /* CoreLocation.framework */; };
		5E0169391AE77CD9006313F2 /* libsqlite3.dylib in Frameworks */ = {isa = PBXBuildFile; fileRef = 5E01692C1AE77CD9006313F2 /* libsqlite3.dylib */; };
		5E01693A1AE77CD9006313F2 /* libz.dylib in Frameworks */ = {isa = PBXBuildFile; fileRef = 5E01692D1AE77CD9006313F2 /* libz.dylib */; };
		5E01693B1AE77CD9006313F2 /* MobileCoreServices.framework in Frameworks */ = {isa = PBXBuildFile; fileRef = 5E01692E1AE77CD9006313F2 /* MobileCoreServices.framework */; };
		5E01693C1AE77CD9006313F2 /* QuartzCore.framework in Frameworks */ = {isa = PBXBuildFile; fileRef = 5E01692F1AE77CD9006313F2 /* QuartzCore.framework */; };
		5E01693D1AE77CD9006313F2 /* Security.framework in Frameworks */ = {isa = PBXBuildFile; fileRef = 5E0169301AE77CD9006313F2 /* Security.framework */; };
		5E01693F1AE77CD9006313F2 /* StoreKit.framework in Frameworks */ = {isa = PBXBuildFile; fileRef = 5E0169321AE77CD9006313F2 /* StoreKit.framework */; };
		5E0169401AE77CD9006313F2 /* SystemConfiguration.framework in Frameworks */ = {isa = PBXBuildFile; fileRef = 5E0169331AE77CD9006313F2 /* SystemConfiguration.framework */; };
		5E01694C1AE79273006313F2 /* MainViewController.swift in Sources */ = {isa = PBXBuildFile; fileRef = 5E01694B1AE79273006313F2 /* MainViewController.swift */; };
		5E0169531AE79AC9006313F2 /* Social.framework in Frameworks */ = {isa = PBXBuildFile; fileRef = 5E0169311AE77CD9006313F2 /* Social.framework */; };
		5E0169561AE79AEA006313F2 /* Accounts.framework in Frameworks */ = {isa = PBXBuildFile; fileRef = 5E0169541AE79ACA006313F2 /* Accounts.framework */; };
		5E0169731AE824C9006313F2 /* TwitterFeedTableViewController.swift in Sources */ = {isa = PBXBuildFile; fileRef = 5E0169721AE824C9006313F2 /* TwitterFeedTableViewController.swift */; };
		5E0169841AE82BEA006313F2 /* YTPlayerView-iframe-player.html in Resources */ = {isa = PBXBuildFile; fileRef = 5E0169811AE82BEA006313F2 /* YTPlayerView-iframe-player.html */; };
		5E0169851AE82BEA006313F2 /* YTPlayerView.m in Sources */ = {isa = PBXBuildFile; fileRef = 5E0169831AE82BEA006313F2 /* YTPlayerView.m */; };
		5E0169A51AE84078006313F2 /* TwitterKit.framework in Frameworks */ = {isa = PBXBuildFile; fileRef = 5E0169A21AE84078006313F2 /* TwitterKit.framework */; };
		5E0169A61AE84078006313F2 /* TwitterKitResources.bundle in Resources */ = {isa = PBXBuildFile; fileRef = 5E0169A31AE84078006313F2 /* TwitterKitResources.bundle */; };
		5E0169A71AE84078006313F2 /* Fabric.framework in Frameworks */ = {isa = PBXBuildFile; fileRef = 5E0169A41AE84078006313F2 /* Fabric.framework */; };
		5E4AA0B71AECFBC700EE0F67 /* AppUtils.swift in Sources */ = {isa = PBXBuildFile; fileRef = 5E4AA0B61AECFBC700EE0F67 /* AppUtils.swift */; };
		5E4AA0B91AECFBE100EE0F67 /* PageViewController.swift in Sources */ = {isa = PBXBuildFile; fileRef = 5E4AA0B81AECFBE100EE0F67 /* PageViewController.swift */; };
		5E6786971AE8B1EE00F0D71B /* CAPSPageMenu.swift in Sources */ = {isa = PBXBuildFile; fileRef = 5E6786961AE8B1EE00F0D71B /* CAPSPageMenu.swift */; };
		5EF9DD3D1AE881AF00149DC9 /* NetworkingEngine.swift in Sources */ = {isa = PBXBuildFile; fileRef = 5EF9DD3C1AE881AF00149DC9 /* NetworkingEngine.swift */; };
		8CC24C261AE9C37C0099B2DA /* AsyncButton.swift in Sources */ = {isa = PBXBuildFile; fileRef = 8CC24C081AE9C37C0099B2DA /* AsyncButton.swift */; };
		8CC24C271AE9C37C0099B2DA /* AsyncImageView.swift in Sources */ = {isa = PBXBuildFile; fileRef = 8CC24C091AE9C37C0099B2DA /* AsyncImageView.swift */; };
		8CC24C281AE9C37C0099B2DA /* AutoTextView.swift in Sources */ = {isa = PBXBuildFile; fileRef = 8CC24C0A1AE9C37C0099B2DA /* AutoTextView.swift */; };
		8CC24C291AE9C37C0099B2DA /* BlurView.swift in Sources */ = {isa = PBXBuildFile; fileRef = 8CC24C0B1AE9C37C0099B2DA /* BlurView.swift */; };
		8CC24C2A1AE9C37C0099B2DA /* DesignableButton.swift in Sources */ = {isa = PBXBuildFile; fileRef = 8CC24C0C1AE9C37C0099B2DA /* DesignableButton.swift */; };
		8CC24C2B1AE9C37C0099B2DA /* DesignableImageView.swift in Sources */ = {isa = PBXBuildFile; fileRef = 8CC24C0D1AE9C37C0099B2DA /* DesignableImageView.swift */; };
		8CC24C2C1AE9C37C0099B2DA /* DesignableLabel.swift in Sources */ = {isa = PBXBuildFile; fileRef = 8CC24C0E1AE9C37C0099B2DA /* DesignableLabel.swift */; };
		8CC24C2D1AE9C37C0099B2DA /* DesignableTabBarController.swift in Sources */ = {isa = PBXBuildFile; fileRef = 8CC24C0F1AE9C37C0099B2DA /* DesignableTabBarController.swift */; };
		8CC24C2E1AE9C37C0099B2DA /* DesignableTextField.swift in Sources */ = {isa = PBXBuildFile; fileRef = 8CC24C101AE9C37C0099B2DA /* DesignableTextField.swift */; };
		8CC24C2F1AE9C37C0099B2DA /* DesignableTextView.swift in Sources */ = {isa = PBXBuildFile; fileRef = 8CC24C111AE9C37C0099B2DA /* DesignableTextView.swift */; };
		8CC24C301AE9C37C0099B2DA /* DesignableView.swift in Sources */ = {isa = PBXBuildFile; fileRef = 8CC24C121AE9C37C0099B2DA /* DesignableView.swift */; };
		8CC24C311AE9C37C0099B2DA /* ImageLoader.swift in Sources */ = {isa = PBXBuildFile; fileRef = 8CC24C131AE9C37C0099B2DA /* ImageLoader.swift */; };
		8CC24C321AE9C37C0099B2DA /* Info.plist in Resources */ = {isa = PBXBuildFile; fileRef = 8CC24C141AE9C37C0099B2DA /* Info.plist */; };
		8CC24C331AE9C37C0099B2DA /* KeyboardLayoutConstraint.swift in Sources */ = {isa = PBXBuildFile; fileRef = 8CC24C151AE9C37C0099B2DA /* KeyboardLayoutConstraint.swift */; };
		8CC24C341AE9C37C0099B2DA /* LoadingView.swift in Sources */ = {isa = PBXBuildFile; fileRef = 8CC24C161AE9C37C0099B2DA /* LoadingView.swift */; };
		8CC24C351AE9C37C0099B2DA /* LoadingView.xib in Resources */ = {isa = PBXBuildFile; fileRef = 8CC24C171AE9C37C0099B2DA /* LoadingView.xib */; };
		8CC24C361AE9C37C0099B2DA /* Misc.swift in Sources */ = {isa = PBXBuildFile; fileRef = 8CC24C181AE9C37C0099B2DA /* Misc.swift */; };
		8CC24C371AE9C37C0099B2DA /* SoundPlayer.swift in Sources */ = {isa = PBXBuildFile; fileRef = 8CC24C191AE9C37C0099B2DA /* SoundPlayer.swift */; };
		8CC24C381AE9C37C0099B2DA /* Spring.swift in Sources */ = {isa = PBXBuildFile; fileRef = 8CC24C1B1AE9C37C0099B2DA /* Spring.swift */; };
		8CC24C391AE9C37C0099B2DA /* SpringAnimation.swift in Sources */ = {isa = PBXBuildFile; fileRef = 8CC24C1C1AE9C37C0099B2DA /* SpringAnimation.swift */; };
		8CC24C3A1AE9C37C0099B2DA /* SpringButton.swift in Sources */ = {isa = PBXBuildFile; fileRef = 8CC24C1D1AE9C37C0099B2DA /* SpringButton.swift */; };
		8CC24C3B1AE9C37C0099B2DA /* SpringImageView.swift in Sources */ = {isa = PBXBuildFile; fileRef = 8CC24C1E1AE9C37C0099B2DA /* SpringImageView.swift */; };
		8CC24C3C1AE9C37C0099B2DA /* SpringLabel.swift in Sources */ = {isa = PBXBuildFile; fileRef = 8CC24C1F1AE9C37C0099B2DA /* SpringLabel.swift */; };
		8CC24C3D1AE9C37C0099B2DA /* SpringTextField.swift in Sources */ = {isa = PBXBuildFile; fileRef = 8CC24C201AE9C37C0099B2DA /* SpringTextField.swift */; };
		8CC24C3E1AE9C37C0099B2DA /* SpringTextView.swift in Sources */ = {isa = PBXBuildFile; fileRef = 8CC24C211AE9C37C0099B2DA /* SpringTextView.swift */; };
		8CC24C3F1AE9C37C0099B2DA /* SpringView.swift in Sources */ = {isa = PBXBuildFile; fileRef = 8CC24C221AE9C37C0099B2DA /* SpringView.swift */; };
		8CC24C401AE9C37C0099B2DA /* TransitionManager.swift in Sources */ = {isa = PBXBuildFile; fileRef = 8CC24C231AE9C37C0099B2DA /* TransitionManager.swift */; };
		8CC24C411AE9C37C0099B2DA /* TransitionZoom.swift in Sources */ = {isa = PBXBuildFile; fileRef = 8CC24C241AE9C37C0099B2DA /* TransitionZoom.swift */; };
		8CC24C421AE9C37C0099B2DA /* UnwindSegue.swift in Sources */ = {isa = PBXBuildFile; fileRef = 8CC24C251AE9C37C0099B2DA /* UnwindSegue.swift */; };
/* End PBXBuildFile section */

/* Begin PBXContainerItemProxy section */
		5E01690B1AE77BD4006313F2 /* PBXContainerItemProxy */ = {
			isa = PBXContainerItemProxy;
			containerPortal = 5E0168ED1AE77BD4006313F2 /* Project object */;
			proxyType = 1;
			remoteGlobalIDString = 5E0168F41AE77BD4006313F2;
			remoteInfo = YouSay;
		};
/* End PBXContainerItemProxy section */

/* Begin PBXCopyFilesBuildPhase section */
		5E01699A1AE82D4E006313F2 /* Copy Frameworks */ = {
			isa = PBXCopyFilesBuildPhase;
			buildActionMask = 2147483647;
			dstPath = "";
			dstSubfolderSpec = 10;
			files = (
			);
			name = "Copy Frameworks";
			runOnlyForDeploymentPostprocessing = 0;
		};
/* End PBXCopyFilesBuildPhase section */

/* Begin PBXFileReference section */
		5E0168F51AE77BD4006313F2 /* YouSay.app */ = {isa = PBXFileReference; explicitFileType = wrapper.application; includeInIndex = 0; path = YouSay.app; sourceTree = BUILT_PRODUCTS_DIR; };
		5E0168F91AE77BD4006313F2 /* Info.plist */ = {isa = PBXFileReference; lastKnownFileType = text.plist.xml; path = Info.plist; sourceTree = "<group>"; };
		5E0168FA1AE77BD4006313F2 /* AppDelegate.swift */ = {isa = PBXFileReference; lastKnownFileType = sourcecode.swift; path = AppDelegate.swift; sourceTree = "<group>"; };
		5E0168FC1AE77BD4006313F2 /* SplashViewController.swift */ = {isa = PBXFileReference; lastKnownFileType = sourcecode.swift; path = SplashViewController.swift; sourceTree = "<group>"; };
		5E0168FF1AE77BD4006313F2 /* Base */ = {isa = PBXFileReference; lastKnownFileType = file.storyboard; name = Base; path = Base.lproj/Main.storyboard; sourceTree = "<group>"; };
		5E0169011AE77BD4006313F2 /* Images.xcassets */ = {isa = PBXFileReference; lastKnownFileType = folder.assetcatalog; path = Images.xcassets; sourceTree = "<group>"; };
		5E0169041AE77BD4006313F2 /* Base */ = {isa = PBXFileReference; lastKnownFileType = file.xib; name = Base; path = Base.lproj/LaunchScreen.xib; sourceTree = "<group>"; };
		5E01690A1AE77BD4006313F2 /* YouSayTests.xctest */ = {isa = PBXFileReference; explicitFileType = wrapper.cfbundle; includeInIndex = 0; path = YouSayTests.xctest; sourceTree = BUILT_PRODUCTS_DIR; };
		5E01690F1AE77BD4006313F2 /* Info.plist */ = {isa = PBXFileReference; lastKnownFileType = text.plist.xml; path = Info.plist; sourceTree = "<group>"; };
		5E0169101AE77BD4006313F2 /* YouSayTests.swift */ = {isa = PBXFileReference; lastKnownFileType = sourcecode.swift; path = YouSayTests.swift; sourceTree = "<group>"; };
		5E01691A1AE77C5F006313F2 /* Bolts.framework */ = {isa = PBXFileReference; lastKnownFileType = wrapper.framework; name = Bolts.framework; path = Frameworks/Bolts.framework; sourceTree = "<group>"; };
		5E01691B1AE77C5F006313F2 /* Parse.framework */ = {isa = PBXFileReference; lastKnownFileType = wrapper.framework; name = Parse.framework; path = Frameworks/Parse.framework; sourceTree = "<group>"; };
		5E01691C1AE77C5F006313F2 /* ParseCrashReporting.framework */ = {isa = PBXFileReference; lastKnownFileType = wrapper.framework; name = ParseCrashReporting.framework; path = Frameworks/ParseCrashReporting.framework; sourceTree = "<group>"; };
		5E01691F1AE77C5F006313F2 /* ParseUI.framework */ = {isa = PBXFileReference; lastKnownFileType = wrapper.framework; name = ParseUI.framework; path = Frameworks/ParseUI.framework; sourceTree = "<group>"; };
		5E0169281AE77CD9006313F2 /* AudioToolbox.framework */ = {isa = PBXFileReference; lastKnownFileType = wrapper.framework; name = AudioToolbox.framework; path = System/Library/Frameworks/AudioToolbox.framework; sourceTree = SDKROOT; };
		5E0169291AE77CD9006313F2 /* CFNetwork.framework */ = {isa = PBXFileReference; lastKnownFileType = wrapper.framework; name = CFNetwork.framework; path = System/Library/Frameworks/CFNetwork.framework; sourceTree = SDKROOT; };
		5E01692A1AE77CD9006313F2 /* CoreGraphics.framework */ = {isa = PBXFileReference; lastKnownFileType = wrapper.framework; name = CoreGraphics.framework; path = System/Library/Frameworks/CoreGraphics.framework; sourceTree = SDKROOT; };
		5E01692B1AE77CD9006313F2 /* CoreLocation.framework */ = {isa = PBXFileReference; lastKnownFileType = wrapper.framework; name = CoreLocation.framework; path = System/Library/Frameworks/CoreLocation.framework; sourceTree = SDKROOT; };
		5E01692C1AE77CD9006313F2 /* libsqlite3.dylib */ = {isa = PBXFileReference; lastKnownFileType = "compiled.mach-o.dylib"; name = libsqlite3.dylib; path = usr/lib/libsqlite3.dylib; sourceTree = SDKROOT; };
		5E01692D1AE77CD9006313F2 /* libz.dylib */ = {isa = PBXFileReference; lastKnownFileType = "compiled.mach-o.dylib"; name = libz.dylib; path = usr/lib/libz.dylib; sourceTree = SDKROOT; };
		5E01692E1AE77CD9006313F2 /* MobileCoreServices.framework */ = {isa = PBXFileReference; lastKnownFileType = wrapper.framework; name = MobileCoreServices.framework; path = System/Library/Frameworks/MobileCoreServices.framework; sourceTree = SDKROOT; };
		5E01692F1AE77CD9006313F2 /* QuartzCore.framework */ = {isa = PBXFileReference; lastKnownFileType = wrapper.framework; name = QuartzCore.framework; path = System/Library/Frameworks/QuartzCore.framework; sourceTree = SDKROOT; };
		5E0169301AE77CD9006313F2 /* Security.framework */ = {isa = PBXFileReference; lastKnownFileType = wrapper.framework; name = Security.framework; path = System/Library/Frameworks/Security.framework; sourceTree = SDKROOT; };
		5E0169311AE77CD9006313F2 /* Social.framework */ = {isa = PBXFileReference; lastKnownFileType = wrapper.framework; name = Social.framework; path = System/Library/Frameworks/Social.framework; sourceTree = SDKROOT; };
		5E0169321AE77CD9006313F2 /* StoreKit.framework */ = {isa = PBXFileReference; lastKnownFileType = wrapper.framework; name = StoreKit.framework; path = System/Library/Frameworks/StoreKit.framework; sourceTree = SDKROOT; };
		5E0169331AE77CD9006313F2 /* SystemConfiguration.framework */ = {isa = PBXFileReference; lastKnownFileType = wrapper.framework; name = SystemConfiguration.framework; path = System/Library/Frameworks/SystemConfiguration.framework; sourceTree = SDKROOT; };
		5E0169421AE78DB4006313F2 /* YouSay-Bridging.h */ = {isa = PBXFileReference; lastKnownFileType = sourcecode.c.h; name = "YouSay-Bridging.h"; path = "Frameworks/YouSay-Bridging.h"; sourceTree = "<group>"; };
		5E01694B1AE79273006313F2 /* MainViewController.swift */ = {isa = PBXFileReference; fileEncoding = 4; lastKnownFileType = sourcecode.swift; path = MainViewController.swift; sourceTree = "<group>"; };
		5E0169541AE79ACA006313F2 /* Accounts.framework */ = {isa = PBXFileReference; lastKnownFileType = wrapper.framework; name = Accounts.framework; path = System/Library/Frameworks/Accounts.framework; sourceTree = SDKROOT; };
		5E0169721AE824C9006313F2 /* TwitterFeedTableViewController.swift */ = {isa = PBXFileReference; fileEncoding = 4; lastKnownFileType = sourcecode.swift; path = TwitterFeedTableViewController.swift; sourceTree = "<group>"; };
		5E0169811AE82BEA006313F2 /* YTPlayerView-iframe-player.html */ = {isa = PBXFileReference; fileEncoding = 4; lastKnownFileType = text.html; name = "YTPlayerView-iframe-player.html"; path = "Frameworks/Assets/YTPlayerView-iframe-player.html"; sourceTree = "<group>"; };
		5E0169821AE82BEA006313F2 /* YTPlayerView.h */ = {isa = PBXFileReference; fileEncoding = 4; lastKnownFileType = sourcecode.c.h; name = YTPlayerView.h; path = Frameworks/Classes/YTPlayerView.h; sourceTree = "<group>"; };
		5E0169831AE82BEA006313F2 /* YTPlayerView.m */ = {isa = PBXFileReference; fileEncoding = 4; lastKnownFileType = sourcecode.c.objc; name = YTPlayerView.m; path = Frameworks/Classes/YTPlayerView.m; sourceTree = "<group>"; };
		5E0169A21AE84078006313F2 /* TwitterKit.framework */ = {isa = PBXFileReference; lastKnownFileType = wrapper.framework; name = TwitterKit.framework; path = ../TwitterKit.framework; sourceTree = "<group>"; };
		5E0169A31AE84078006313F2 /* TwitterKitResources.bundle */ = {isa = PBXFileReference; lastKnownFileType = "wrapper.plug-in"; name = TwitterKitResources.bundle; path = ../TwitterKit.framework/Versions/A/Resources/TwitterKitResources.bundle; sourceTree = "<group>"; };
		5E0169A41AE84078006313F2 /* Fabric.framework */ = {isa = PBXFileReference; lastKnownFileType = wrapper.framework; name = Fabric.framework; path = ../Fabric.framework; sourceTree = "<group>"; };
		5E4AA0B61AECFBC700EE0F67 /* AppUtils.swift */ = {isa = PBXFileReference; fileEncoding = 4; lastKnownFileType = sourcecode.swift; path = AppUtils.swift; sourceTree = "<group>"; };
		5E4AA0B81AECFBE100EE0F67 /* PageViewController.swift */ = {isa = PBXFileReference; fileEncoding = 4; lastKnownFileType = sourcecode.swift; path = PageViewController.swift; sourceTree = "<group>"; };
		5E6786961AE8B1EE00F0D71B /* CAPSPageMenu.swift */ = {isa = PBXFileReference; fileEncoding = 4; lastKnownFileType = sourcecode.swift; path = CAPSPageMenu.swift; sourceTree = "<group>"; };
		5EF9DD3C1AE881AF00149DC9 /* NetworkingEngine.swift */ = {isa = PBXFileReference; fileEncoding = 4; lastKnownFileType = sourcecode.swift; path = NetworkingEngine.swift; sourceTree = "<group>"; };
		8CC24C081AE9C37C0099B2DA /* AsyncButton.swift */ = {isa = PBXFileReference; fileEncoding = 4; lastKnownFileType = sourcecode.swift; path = AsyncButton.swift; sourceTree = "<group>"; };
		8CC24C091AE9C37C0099B2DA /* AsyncImageView.swift */ = {isa = PBXFileReference; fileEncoding = 4; lastKnownFileType = sourcecode.swift; path = AsyncImageView.swift; sourceTree = "<group>"; };
		8CC24C0A1AE9C37C0099B2DA /* AutoTextView.swift */ = {isa = PBXFileReference; fileEncoding = 4; lastKnownFileType = sourcecode.swift; path = AutoTextView.swift; sourceTree = "<group>"; };
		8CC24C0B1AE9C37C0099B2DA /* BlurView.swift */ = {isa = PBXFileReference; fileEncoding = 4; lastKnownFileType = sourcecode.swift; path = BlurView.swift; sourceTree = "<group>"; };
		8CC24C0C1AE9C37C0099B2DA /* DesignableButton.swift */ = {isa = PBXFileReference; fileEncoding = 4; lastKnownFileType = sourcecode.swift; path = DesignableButton.swift; sourceTree = "<group>"; };
		8CC24C0D1AE9C37C0099B2DA /* DesignableImageView.swift */ = {isa = PBXFileReference; fileEncoding = 4; lastKnownFileType = sourcecode.swift; path = DesignableImageView.swift; sourceTree = "<group>"; };
		8CC24C0E1AE9C37C0099B2DA /* DesignableLabel.swift */ = {isa = PBXFileReference; fileEncoding = 4; lastKnownFileType = sourcecode.swift; path = DesignableLabel.swift; sourceTree = "<group>"; };
		8CC24C0F1AE9C37C0099B2DA /* DesignableTabBarController.swift */ = {isa = PBXFileReference; fileEncoding = 4; lastKnownFileType = sourcecode.swift; path = DesignableTabBarController.swift; sourceTree = "<group>"; };
		8CC24C101AE9C37C0099B2DA /* DesignableTextField.swift */ = {isa = PBXFileReference; fileEncoding = 4; lastKnownFileType = sourcecode.swift; path = DesignableTextField.swift; sourceTree = "<group>"; };
		8CC24C111AE9C37C0099B2DA /* DesignableTextView.swift */ = {isa = PBXFileReference; fileEncoding = 4; lastKnownFileType = sourcecode.swift; path = DesignableTextView.swift; sourceTree = "<group>"; };
		8CC24C121AE9C37C0099B2DA /* DesignableView.swift */ = {isa = PBXFileReference; fileEncoding = 4; lastKnownFileType = sourcecode.swift; path = DesignableView.swift; sourceTree = "<group>"; };
		8CC24C131AE9C37C0099B2DA /* ImageLoader.swift */ = {isa = PBXFileReference; fileEncoding = 4; lastKnownFileType = sourcecode.swift; path = ImageLoader.swift; sourceTree = "<group>"; };
		8CC24C141AE9C37C0099B2DA /* Info.plist */ = {isa = PBXFileReference; fileEncoding = 4; lastKnownFileType = text.plist.xml; path = Info.plist; sourceTree = "<group>"; };
		8CC24C151AE9C37C0099B2DA /* KeyboardLayoutConstraint.swift */ = {isa = PBXFileReference; fileEncoding = 4; lastKnownFileType = sourcecode.swift; path = KeyboardLayoutConstraint.swift; sourceTree = "<group>"; };
		8CC24C161AE9C37C0099B2DA /* LoadingView.swift */ = {isa = PBXFileReference; fileEncoding = 4; lastKnownFileType = sourcecode.swift; path = LoadingView.swift; sourceTree = "<group>"; };
		8CC24C171AE9C37C0099B2DA /* LoadingView.xib */ = {isa = PBXFileReference; fileEncoding = 4; lastKnownFileType = file.xib; path = LoadingView.xib; sourceTree = "<group>"; };
		8CC24C181AE9C37C0099B2DA /* Misc.swift */ = {isa = PBXFileReference; fileEncoding = 4; lastKnownFileType = sourcecode.swift; path = Misc.swift; sourceTree = "<group>"; };
		8CC24C191AE9C37C0099B2DA /* SoundPlayer.swift */ = {isa = PBXFileReference; fileEncoding = 4; lastKnownFileType = sourcecode.swift; path = SoundPlayer.swift; sourceTree = "<group>"; };
		8CC24C1A1AE9C37C0099B2DA /* Spring.h */ = {isa = PBXFileReference; fileEncoding = 4; lastKnownFileType = sourcecode.c.h; path = Spring.h; sourceTree = "<group>"; };
		8CC24C1B1AE9C37C0099B2DA /* Spring.swift */ = {isa = PBXFileReference; fileEncoding = 4; lastKnownFileType = sourcecode.swift; path = Spring.swift; sourceTree = "<group>"; };
		8CC24C1C1AE9C37C0099B2DA /* SpringAnimation.swift */ = {isa = PBXFileReference; fileEncoding = 4; lastKnownFileType = sourcecode.swift; path = SpringAnimation.swift; sourceTree = "<group>"; };
		8CC24C1D1AE9C37C0099B2DA /* SpringButton.swift */ = {isa = PBXFileReference; fileEncoding = 4; lastKnownFileType = sourcecode.swift; path = SpringButton.swift; sourceTree = "<group>"; };
		8CC24C1E1AE9C37C0099B2DA /* SpringImageView.swift */ = {isa = PBXFileReference; fileEncoding = 4; lastKnownFileType = sourcecode.swift; path = SpringImageView.swift; sourceTree = "<group>"; };
		8CC24C1F1AE9C37C0099B2DA /* SpringLabel.swift */ = {isa = PBXFileReference; fileEncoding = 4; lastKnownFileType = sourcecode.swift; path = SpringLabel.swift; sourceTree = "<group>"; };
		8CC24C201AE9C37C0099B2DA /* SpringTextField.swift */ = {isa = PBXFileReference; fileEncoding = 4; lastKnownFileType = sourcecode.swift; path = SpringTextField.swift; sourceTree = "<group>"; };
		8CC24C211AE9C37C0099B2DA /* SpringTextView.swift */ = {isa = PBXFileReference; fileEncoding = 4; lastKnownFileType = sourcecode.swift; path = SpringTextView.swift; sourceTree = "<group>"; };
		8CC24C221AE9C37C0099B2DA /* SpringView.swift */ = {isa = PBXFileReference; fileEncoding = 4; lastKnownFileType = sourcecode.swift; path = SpringView.swift; sourceTree = "<group>"; };
		8CC24C231AE9C37C0099B2DA /* TransitionManager.swift */ = {isa = PBXFileReference; fileEncoding = 4; lastKnownFileType = sourcecode.swift; path = TransitionManager.swift; sourceTree = "<group>"; };
		8CC24C241AE9C37C0099B2DA /* TransitionZoom.swift */ = {isa = PBXFileReference; fileEncoding = 4; lastKnownFileType = sourcecode.swift; path = TransitionZoom.swift; sourceTree = "<group>"; };
		8CC24C251AE9C37C0099B2DA /* UnwindSegue.swift */ = {isa = PBXFileReference; fileEncoding = 4; lastKnownFileType = sourcecode.swift; path = UnwindSegue.swift; sourceTree = "<group>"; };
/* End PBXFileReference section */

/* Begin PBXFrameworksBuildPhase section */
		5E0168F21AE77BD4006313F2 /* Frameworks */ = {
			isa = PBXFrameworksBuildPhase;
			buildActionMask = 2147483647;
			files = (
				5E0169561AE79AEA006313F2 /* Accounts.framework in Frameworks */,
				5E0169531AE79AC9006313F2 /* Social.framework in Frameworks */,
				5E0169351AE77CD9006313F2 /* AudioToolbox.framework in Frameworks */,
				5E0169361AE77CD9006313F2 /* CFNetwork.framework in Frameworks */,
				5E0169371AE77CD9006313F2 /* CoreGraphics.framework in Frameworks */,
				5E0169381AE77CD9006313F2 /* CoreLocation.framework in Frameworks */,
				5E0169391AE77CD9006313F2 /* libsqlite3.dylib in Frameworks */,
				5E01693A1AE77CD9006313F2 /* libz.dylib in Frameworks */,
				5E0169A51AE84078006313F2 /* TwitterKit.framework in Frameworks */,
				5E01693B1AE77CD9006313F2 /* MobileCoreServices.framework in Frameworks */,
				5E01693C1AE77CD9006313F2 /* QuartzCore.framework in Frameworks */,
				5E01693D1AE77CD9006313F2 /* Security.framework in Frameworks */,
				5E01693F1AE77CD9006313F2 /* StoreKit.framework in Frameworks */,
				5E0169401AE77CD9006313F2 /* SystemConfiguration.framework in Frameworks */,
				5E0169251AE77C5F006313F2 /* ParseUI.framework in Frameworks */,
				5E0169211AE77C5F006313F2 /* Parse.framework in Frameworks */,
				5E0169221AE77C5F006313F2 /* ParseCrashReporting.framework in Frameworks */,
				5E0169A71AE84078006313F2 /* Fabric.framework in Frameworks */,
				5E0169201AE77C5F006313F2 /* Bolts.framework in Frameworks */,
			);
			runOnlyForDeploymentPostprocessing = 0;
		};
		5E0169071AE77BD4006313F2 /* Frameworks */ = {
			isa = PBXFrameworksBuildPhase;
			buildActionMask = 2147483647;
			files = (
			);
			runOnlyForDeploymentPostprocessing = 0;
		};
/* End PBXFrameworksBuildPhase section */

/* Begin PBXGroup section */
		5E0168EC1AE77BD4006313F2 = {
			isa = PBXGroup;
			children = (
				5E0168F71AE77BD4006313F2 /* YouSay */,
				8CC24C071AE9C37C0099B2DA /* Spring */,
				5E01690D1AE77BD4006313F2 /* YouSayTests */,
				5E0168F61AE77BD4006313F2 /* Products */,
			);
			sourceTree = "<group>";
		};
		5E0168F61AE77BD4006313F2 /* Products */ = {
			isa = PBXGroup;
			children = (
				5E0168F51AE77BD4006313F2 /* YouSay.app */,
				5E01690A1AE77BD4006313F2 /* YouSayTests.xctest */,
			);
			name = Products;
			sourceTree = "<group>";
		};
		5E0168F71AE77BD4006313F2 /* YouSay */ = {
			isa = PBXGroup;
			children = (
				5E0169261AE77C6A006313F2 /* Frameworks */,
				5E0168FA1AE77BD4006313F2 /* AppDelegate.swift */,
				5E0168FC1AE77BD4006313F2 /* SplashViewController.swift */,
				5E6786961AE8B1EE00F0D71B /* CAPSPageMenu.swift */,
				5E0168FE1AE77BD4006313F2 /* Main.storyboard */,
				5E0169721AE824C9006313F2 /* TwitterFeedTableViewController.swift */,
				5E01694B1AE79273006313F2 /* MainViewController.swift */,
				5EF9DD3C1AE881AF00149DC9 /* NetworkingEngine.swift */,
				5E4AA0B81AECFBE100EE0F67 /* PageViewController.swift */,
				5E4AA0B61AECFBC700EE0F67 /* AppUtils.swift */,
				5E0169011AE77BD4006313F2 /* Images.xcassets */,
				5E0169031AE77BD4006313F2 /* LaunchScreen.xib */,
				5E0168F81AE77BD4006313F2 /* Supporting Files */,
			);
			path = YouSay;
			sourceTree = "<group>";
		};
		5E0168F81AE77BD4006313F2 /* Supporting Files */ = {
			isa = PBXGroup;
			children = (
				5E0168F91AE77BD4006313F2 /* Info.plist */,
			);
			name = "Supporting Files";
			sourceTree = "<group>";
		};
		5E01690D1AE77BD4006313F2 /* YouSayTests */ = {
			isa = PBXGroup;
			children = (
				5E0169101AE77BD4006313F2 /* YouSayTests.swift */,
				5E01690E1AE77BD4006313F2 /* Supporting Files */,
			);
			path = YouSayTests;
			sourceTree = "<group>";
		};
		5E01690E1AE77BD4006313F2 /* Supporting Files */ = {
			isa = PBXGroup;
			children = (
				5E01690F1AE77BD4006313F2 /* Info.plist */,
			);
			name = "Supporting Files";
			sourceTree = "<group>";
		};
		5E0169261AE77C6A006313F2 /* Frameworks */ = {
			isa = PBXGroup;
			children = (
				5E0169A21AE84078006313F2 /* TwitterKit.framework */,
				5E0169A31AE84078006313F2 /* TwitterKitResources.bundle */,
				5E0169A41AE84078006313F2 /* Fabric.framework */,
				5E0169871AE82C18006313F2 /* YoutubePlayer */,
				5E0169541AE79ACA006313F2 /* Accounts.framework */,
				5E0169421AE78DB4006313F2 /* YouSay-Bridging.h */,
				5E0169281AE77CD9006313F2 /* AudioToolbox.framework */,
				5E0169291AE77CD9006313F2 /* CFNetwork.framework */,
				5E01692A1AE77CD9006313F2 /* CoreGraphics.framework */,
				5E01692B1AE77CD9006313F2 /* CoreLocation.framework */,
				5E01692C1AE77CD9006313F2 /* libsqlite3.dylib */,
				5E01692D1AE77CD9006313F2 /* libz.dylib */,
				5E01692E1AE77CD9006313F2 /* MobileCoreServices.framework */,
				5E01692F1AE77CD9006313F2 /* QuartzCore.framework */,
				5E0169301AE77CD9006313F2 /* Security.framework */,
				5E0169311AE77CD9006313F2 /* Social.framework */,
				5E0169321AE77CD9006313F2 /* StoreKit.framework */,
				5E0169331AE77CD9006313F2 /* SystemConfiguration.framework */,
				5E01691A1AE77C5F006313F2 /* Bolts.framework */,
				5E01691B1AE77C5F006313F2 /* Parse.framework */,
				5E01691C1AE77C5F006313F2 /* ParseCrashReporting.framework */,
				5E01691F1AE77C5F006313F2 /* ParseUI.framework */,
			);
			name = Frameworks;
			sourceTree = "<group>";
		};
		5E0169871AE82C18006313F2 /* YoutubePlayer */ = {
			isa = PBXGroup;
			children = (
				5E0169811AE82BEA006313F2 /* YTPlayerView-iframe-player.html */,
				5E0169821AE82BEA006313F2 /* YTPlayerView.h */,
				5E0169831AE82BEA006313F2 /* YTPlayerView.m */,
			);
			name = YoutubePlayer;
			sourceTree = "<group>";
		};
		8CC24C071AE9C37C0099B2DA /* Spring */ = {
			isa = PBXGroup;
			children = (
				8CC24C081AE9C37C0099B2DA /* AsyncButton.swift */,
				8CC24C091AE9C37C0099B2DA /* AsyncImageView.swift */,
				8CC24C0A1AE9C37C0099B2DA /* AutoTextView.swift */,
				8CC24C0B1AE9C37C0099B2DA /* BlurView.swift */,
				8CC24C0C1AE9C37C0099B2DA /* DesignableButton.swift */,
				8CC24C0D1AE9C37C0099B2DA /* DesignableImageView.swift */,
				8CC24C0E1AE9C37C0099B2DA /* DesignableLabel.swift */,
				8CC24C0F1AE9C37C0099B2DA /* DesignableTabBarController.swift */,
				8CC24C101AE9C37C0099B2DA /* DesignableTextField.swift */,
				8CC24C111AE9C37C0099B2DA /* DesignableTextView.swift */,
				8CC24C121AE9C37C0099B2DA /* DesignableView.swift */,
				8CC24C131AE9C37C0099B2DA /* ImageLoader.swift */,
				8CC24C141AE9C37C0099B2DA /* Info.plist */,
				8CC24C151AE9C37C0099B2DA /* KeyboardLayoutConstraint.swift */,
				8CC24C161AE9C37C0099B2DA /* LoadingView.swift */,
				8CC24C171AE9C37C0099B2DA /* LoadingView.xib */,
				8CC24C181AE9C37C0099B2DA /* Misc.swift */,
				8CC24C191AE9C37C0099B2DA /* SoundPlayer.swift */,
				8CC24C1A1AE9C37C0099B2DA /* Spring.h */,
				8CC24C1B1AE9C37C0099B2DA /* Spring.swift */,
				8CC24C1C1AE9C37C0099B2DA /* SpringAnimation.swift */,
				8CC24C1D1AE9C37C0099B2DA /* SpringButton.swift */,
				8CC24C1E1AE9C37C0099B2DA /* SpringImageView.swift */,
				8CC24C1F1AE9C37C0099B2DA /* SpringLabel.swift */,
				8CC24C201AE9C37C0099B2DA /* SpringTextField.swift */,
				8CC24C211AE9C37C0099B2DA /* SpringTextView.swift */,
				8CC24C221AE9C37C0099B2DA /* SpringView.swift */,
				8CC24C231AE9C37C0099B2DA /* TransitionManager.swift */,
				8CC24C241AE9C37C0099B2DA /* TransitionZoom.swift */,
				8CC24C251AE9C37C0099B2DA /* UnwindSegue.swift */,
			);
			name = Spring;
			path = YouSay/Spring;
			sourceTree = "<group>";
		};
/* End PBXGroup section */

/* Begin PBXNativeTarget section */
		5E0168F41AE77BD4006313F2 /* YouSay */ = {
			isa = PBXNativeTarget;
			buildConfigurationList = 5E0169141AE77BD4006313F2 /* Build configuration list for PBXNativeTarget "YouSay" */;
			buildPhases = (
				5E0168F11AE77BD4006313F2 /* Sources */,
				5E0168F21AE77BD4006313F2 /* Frameworks */,
				5E0168F31AE77BD4006313F2 /* Resources */,
				5E01699A1AE82D4E006313F2 /* Copy Frameworks */,
				5E0169A11AE8403E006313F2 /* ShellScript */,
			);
			buildRules = (
			);
			dependencies = (
			);
			name = YouSay;
			productName = YouSay;
			productReference = 5E0168F51AE77BD4006313F2 /* YouSay.app */;
			productType = "com.apple.product-type.application";
		};
		5E0169091AE77BD4006313F2 /* YouSayTests */ = {
			isa = PBXNativeTarget;
			buildConfigurationList = 5E0169171AE77BD4006313F2 /* Build configuration list for PBXNativeTarget "YouSayTests" */;
			buildPhases = (
				5E0169061AE77BD4006313F2 /* Sources */,
				5E0169071AE77BD4006313F2 /* Frameworks */,
				5E0169081AE77BD4006313F2 /* Resources */,
			);
			buildRules = (
			);
			dependencies = (
				5E01690C1AE77BD4006313F2 /* PBXTargetDependency */,
			);
			name = YouSayTests;
			productName = YouSayTests;
			productReference = 5E01690A1AE77BD4006313F2 /* YouSayTests.xctest */;
			productType = "com.apple.product-type.bundle.unit-test";
		};
/* End PBXNativeTarget section */

/* Begin PBXProject section */
		5E0168ED1AE77BD4006313F2 /* Project object */ = {
			isa = PBXProject;
			attributes = {
				LastUpgradeCheck = 0630;
				ORGANIZATIONNAME = GameThrift;
				TargetAttributes = {
					5E0168F41AE77BD4006313F2 = {
						CreatedOnToolsVersion = 6.3;
						DevelopmentTeam = RSD59C8W5X;
					};
					5E0169091AE77BD4006313F2 = {
						CreatedOnToolsVersion = 6.3;
						TestTargetID = 5E0168F41AE77BD4006313F2;
					};
				};
			};
			buildConfigurationList = 5E0168F01AE77BD4006313F2 /* Build configuration list for PBXProject "YouSay" */;
			compatibilityVersion = "Xcode 3.2";
			developmentRegion = English;
			hasScannedForEncodings = 0;
			knownRegions = (
				en,
				Base,
			);
			mainGroup = 5E0168EC1AE77BD4006313F2;
			productRefGroup = 5E0168F61AE77BD4006313F2 /* Products */;
			projectDirPath = "";
			projectRoot = "";
			targets = (
				5E0168F41AE77BD4006313F2 /* YouSay */,
				5E0169091AE77BD4006313F2 /* YouSayTests */,
			);
		};
/* End PBXProject section */

/* Begin PBXResourcesBuildPhase section */
		5E0168F31AE77BD4006313F2 /* Resources */ = {
			isa = PBXResourcesBuildPhase;
			buildActionMask = 2147483647;
			files = (
				5E0169001AE77BD4006313F2 /* Main.storyboard in Resources */,
				8CC24C351AE9C37C0099B2DA /* LoadingView.xib in Resources */,
				5E0169841AE82BEA006313F2 /* YTPlayerView-iframe-player.html in Resources */,
				5E0169051AE77BD4006313F2 /* LaunchScreen.xib in Resources */,
				5E0169021AE77BD4006313F2 /* Images.xcassets in Resources */,
				5E0169A61AE84078006313F2 /* TwitterKitResources.bundle in Resources */,
				8CC24C321AE9C37C0099B2DA /* Info.plist in Resources */,
			);
			runOnlyForDeploymentPostprocessing = 0;
		};
		5E0169081AE77BD4006313F2 /* Resources */ = {
			isa = PBXResourcesBuildPhase;
			buildActionMask = 2147483647;
			files = (
			);
			runOnlyForDeploymentPostprocessing = 0;
		};
/* End PBXResourcesBuildPhase section */

/* Begin PBXShellScriptBuildPhase section */
		5E0169A11AE8403E006313F2 /* ShellScript */ = {
			isa = PBXShellScriptBuildPhase;
			buildActionMask = 2147483647;
			files = (
			);
			inputPaths = (
			);
			outputPaths = (
			);
			runOnlyForDeploymentPostprocessing = 0;
			shellPath = /bin/sh;
			shellScript = "./Fabric.framework/run 5ccfe10b9ebda01a6e903bdcb978bd5e722ac7a0 72caaacdba2596865c4547401dca2476d7eb5a1e891bc6a64832bf9b5b4b61ea";
		};
/* End PBXShellScriptBuildPhase section */

/* Begin PBXSourcesBuildPhase section */
		5E0168F11AE77BD4006313F2 /* Sources */ = {
			isa = PBXSourcesBuildPhase;
			buildActionMask = 2147483647;
			files = (
				5E01694C1AE79273006313F2 /* MainViewController.swift in Sources */,
				8CC24C3C1AE9C37C0099B2DA /* SpringLabel.swift in Sources */,
				8CC24C3E1AE9C37C0099B2DA /* SpringTextView.swift in Sources */,
				5E0169851AE82BEA006313F2 /* YTPlayerView.m in Sources */,
				8CC24C311AE9C37C0099B2DA /* ImageLoader.swift in Sources */,
				8CC24C3B1AE9C37C0099B2DA /* SpringImageView.swift in Sources */,
				8CC24C2F1AE9C37C0099B2DA /* DesignableTextView.swift in Sources */,
				8CC24C301AE9C37C0099B2DA /* DesignableView.swift in Sources */,
				5E0168FD1AE77BD4006313F2 /* SplashViewController.swift in Sources */,
				5E4AA0B71AECFBC700EE0F67 /* AppUtils.swift in Sources */,
				8CC24C411AE9C37C0099B2DA /* TransitionZoom.swift in Sources */,
				5E0169731AE824C9006313F2 /* TwitterFeedTableViewController.swift in Sources */,
				8CC24C291AE9C37C0099B2DA /* BlurView.swift in Sources */,
				8CC24C381AE9C37C0099B2DA /* Spring.swift in Sources */,
				8CC24C421AE9C37C0099B2DA /* UnwindSegue.swift in Sources */,
				8CC24C371AE9C37C0099B2DA /* SoundPlayer.swift in Sources */,
				5E0168FB1AE77BD4006313F2 /* AppDelegate.swift in Sources */,
				5E6786971AE8B1EE00F0D71B /* CAPSPageMenu.swift in Sources */,
				5EF9DD3D1AE881AF00149DC9 /* NetworkingEngine.swift in Sources */,
				8CC24C361AE9C37C0099B2DA /* Misc.swift in Sources */,
				8CC24C2A1AE9C37C0099B2DA /* DesignableButton.swift in Sources */,
				8CC24C281AE9C37C0099B2DA /* AutoTextView.swift in Sources */,
				8CC24C261AE9C37C0099B2DA /* AsyncButton.swift in Sources */,
				8CC24C271AE9C37C0099B2DA /* AsyncImageView.swift in Sources */,
				8CC24C331AE9C37C0099B2DA /* KeyboardLayoutConstraint.swift in Sources */,
				8CC24C401AE9C37C0099B2DA /* TransitionManager.swift in Sources */,
				8CC24C2B1AE9C37C0099B2DA /* DesignableImageView.swift in Sources */,
				8CC24C2D1AE9C37C0099B2DA /* DesignableTabBarController.swift in Sources */,
				8CC24C3F1AE9C37C0099B2DA /* SpringView.swift in Sources */,
				8CC24C2C1AE9C37C0099B2DA /* DesignableLabel.swift in Sources */,
				8CC24C3A1AE9C37C0099B2DA /* SpringButton.swift in Sources */,
				5E4AA0B91AECFBE100EE0F67 /* PageViewController.swift in Sources */,
				8CC24C391AE9C37C0099B2DA /* SpringAnimation.swift in Sources */,
				8CC24C3D1AE9C37C0099B2DA /* SpringTextField.swift in Sources */,
				8CC24C341AE9C37C0099B2DA /* LoadingView.swift in Sources */,
				8CC24C2E1AE9C37C0099B2DA /* DesignableTextField.swift in Sources */,
			);
			runOnlyForDeploymentPostprocessing = 0;
		};
		5E0169061AE77BD4006313F2 /* Sources */ = {
			isa = PBXSourcesBuildPhase;
			buildActionMask = 2147483647;
			files = (
				5E0169111AE77BD4006313F2 /* YouSayTests.swift in Sources */,
			);
			runOnlyForDeploymentPostprocessing = 0;
		};
/* End PBXSourcesBuildPhase section */

/* Begin PBXTargetDependency section */
		5E01690C1AE77BD4006313F2 /* PBXTargetDependency */ = {
			isa = PBXTargetDependency;
			target = 5E0168F41AE77BD4006313F2 /* YouSay */;
			targetProxy = 5E01690B1AE77BD4006313F2 /* PBXContainerItemProxy */;
		};
/* End PBXTargetDependency section */

/* Begin PBXVariantGroup section */
		5E0168FE1AE77BD4006313F2 /* Main.storyboard */ = {
			isa = PBXVariantGroup;
			children = (
				5E0168FF1AE77BD4006313F2 /* Base */,
			);
			name = Main.storyboard;
			sourceTree = "<group>";
		};
		5E0169031AE77BD4006313F2 /* LaunchScreen.xib */ = {
			isa = PBXVariantGroup;
			children = (
				5E0169041AE77BD4006313F2 /* Base */,
			);
			name = LaunchScreen.xib;
			sourceTree = "<group>";
		};
/* End PBXVariantGroup section */

/* Begin XCBuildConfiguration section */
		5E0169121AE77BD4006313F2 /* Debug */ = {
			isa = XCBuildConfiguration;
			buildSettings = {
				ALWAYS_SEARCH_USER_PATHS = NO;
				CLANG_CXX_LANGUAGE_STANDARD = "gnu++0x";
				CLANG_CXX_LIBRARY = "libc++";
				CLANG_ENABLE_MODULES = YES;
				CLANG_ENABLE_OBJC_ARC = YES;
				CLANG_WARN_BOOL_CONVERSION = YES;
				CLANG_WARN_CONSTANT_CONVERSION = YES;
				CLANG_WARN_DIRECT_OBJC_ISA_USAGE = YES_ERROR;
				CLANG_WARN_EMPTY_BODY = YES;
				CLANG_WARN_ENUM_CONVERSION = YES;
				CLANG_WARN_INT_CONVERSION = YES;
				CLANG_WARN_OBJC_ROOT_CLASS = YES_ERROR;
				CLANG_WARN_UNREACHABLE_CODE = YES;
				CLANG_WARN__DUPLICATE_METHOD_MATCH = YES;
				"CODE_SIGN_IDENTITY[sdk=iphoneos*]" = "iPhone Developer";
				COPY_PHASE_STRIP = NO;
				DEBUG_INFORMATION_FORMAT = "dwarf-with-dsym";
				ENABLE_STRICT_OBJC_MSGSEND = YES;
				GCC_C_LANGUAGE_STANDARD = gnu99;
				GCC_DYNAMIC_NO_PIC = NO;
				GCC_NO_COMMON_BLOCKS = YES;
				GCC_OPTIMIZATION_LEVEL = 0;
				GCC_PREPROCESSOR_DEFINITIONS = (
					"DEBUG=1",
					"$(inherited)",
				);
				GCC_SYMBOLS_PRIVATE_EXTERN = NO;
				GCC_WARN_64_TO_32_BIT_CONVERSION = YES;
				GCC_WARN_ABOUT_RETURN_TYPE = YES_ERROR;
				GCC_WARN_UNDECLARED_SELECTOR = YES;
				GCC_WARN_UNINITIALIZED_AUTOS = YES_AGGRESSIVE;
				GCC_WARN_UNUSED_FUNCTION = YES;
				GCC_WARN_UNUSED_VARIABLE = YES;
				IPHONEOS_DEPLOYMENT_TARGET = 8.3;
				MTL_ENABLE_DEBUG_INFO = YES;
				ONLY_ACTIVE_ARCH = YES;
				SDKROOT = iphoneos;
				SWIFT_OPTIMIZATION_LEVEL = "-Onone";
			};
			name = Debug;
		};
		5E0169131AE77BD4006313F2 /* Release */ = {
			isa = XCBuildConfiguration;
			buildSettings = {
				ALWAYS_SEARCH_USER_PATHS = NO;
				CLANG_CXX_LANGUAGE_STANDARD = "gnu++0x";
				CLANG_CXX_LIBRARY = "libc++";
				CLANG_ENABLE_MODULES = YES;
				CLANG_ENABLE_OBJC_ARC = YES;
				CLANG_WARN_BOOL_CONVERSION = YES;
				CLANG_WARN_CONSTANT_CONVERSION = YES;
				CLANG_WARN_DIRECT_OBJC_ISA_USAGE = YES_ERROR;
				CLANG_WARN_EMPTY_BODY = YES;
				CLANG_WARN_ENUM_CONVERSION = YES;
				CLANG_WARN_INT_CONVERSION = YES;
				CLANG_WARN_OBJC_ROOT_CLASS = YES_ERROR;
				CLANG_WARN_UNREACHABLE_CODE = YES;
				CLANG_WARN__DUPLICATE_METHOD_MATCH = YES;
				"CODE_SIGN_IDENTITY[sdk=iphoneos*]" = "iPhone Developer";
				COPY_PHASE_STRIP = NO;
				DEBUG_INFORMATION_FORMAT = "dwarf-with-dsym";
				ENABLE_NS_ASSERTIONS = NO;
				ENABLE_STRICT_OBJC_MSGSEND = YES;
				GCC_C_LANGUAGE_STANDARD = gnu99;
				GCC_NO_COMMON_BLOCKS = YES;
				GCC_WARN_64_TO_32_BIT_CONVERSION = YES;
				GCC_WARN_ABOUT_RETURN_TYPE = YES_ERROR;
				GCC_WARN_UNDECLARED_SELECTOR = YES;
				GCC_WARN_UNINITIALIZED_AUTOS = YES_AGGRESSIVE;
				GCC_WARN_UNUSED_FUNCTION = YES;
				GCC_WARN_UNUSED_VARIABLE = YES;
				IPHONEOS_DEPLOYMENT_TARGET = 8.3;
				MTL_ENABLE_DEBUG_INFO = NO;
				SDKROOT = iphoneos;
				VALIDATE_PRODUCT = YES;
			};
			name = Release;
		};
		5E0169151AE77BD4006313F2 /* Debug */ = {
			isa = XCBuildConfiguration;
			buildSettings = {
				ASSETCATALOG_COMPILER_APPICON_NAME = AppIcon;
				CODE_SIGN_IDENTITY = "iPhone Developer";
				FRAMEWORK_SEARCH_PATHS = (
					"$(inherited)",
					"$(PROJECT_DIR)/YouSay/Frameworks",
					"$(PROJECT_DIR)/YouSay",
					"$(PROJECT_DIR)",
				);
				INFOPLIST_FILE = YouSay/Info.plist;
				IPHONEOS_DEPLOYMENT_TARGET = 8.0;
				LD_RUNPATH_SEARCH_PATHS = "$(inherited) @executable_path/Frameworks";
				OTHER_LDFLAGS = "";
				PRODUCT_NAME = "$(TARGET_NAME)";
				SWIFT_OBJC_BRIDGING_HEADER = "YouSay/Frameworks/YouSay-Bridging.h";
			};
			name = Debug;
		};
		5E0169161AE77BD4006313F2 /* Release */ = {
			isa = XCBuildConfiguration;
			buildSettings = {
				ASSETCATALOG_COMPILER_APPICON_NAME = AppIcon;
				CODE_SIGN_IDENTITY = "iPhone Developer";
				FRAMEWORK_SEARCH_PATHS = (
					"$(inherited)",
					"$(PROJECT_DIR)/YouSay/Frameworks",
					"$(PROJECT_DIR)/YouSay",
					"$(PROJECT_DIR)",
				);
				INFOPLIST_FILE = YouSay/Info.plist;
				IPHONEOS_DEPLOYMENT_TARGET = 8.0;
				LD_RUNPATH_SEARCH_PATHS = "$(inherited) @executable_path/Frameworks";
				OTHER_LDFLAGS = "";
				PRODUCT_NAME = "$(TARGET_NAME)";
				SWIFT_OBJC_BRIDGING_HEADER = "YouSay/Frameworks/YouSay-Bridging.h";
			};
			name = Release;
		};
		5E0169181AE77BD4006313F2 /* Debug */ = {
			isa = XCBuildConfiguration;
			buildSettings = {
				BUNDLE_LOADER = "$(TEST_HOST)";
				FRAMEWORK_SEARCH_PATHS = (
					"$(SDKROOT)/Developer/Library/Frameworks",
					"$(inherited)",
				);
				GCC_PREPROCESSOR_DEFINITIONS = (
					"DEBUG=1",
					"$(inherited)",
				);
				INFOPLIST_FILE = YouSayTests/Info.plist;
				LD_RUNPATH_SEARCH_PATHS = "$(inherited) @executable_path/Frameworks @loader_path/Frameworks";
				PRODUCT_NAME = "$(TARGET_NAME)";
				TEST_HOST = "$(BUILT_PRODUCTS_DIR)/YouSay.app/YouSay";
			};
			name = Debug;
		};
		5E0169191AE77BD4006313F2 /* Release */ = {
			isa = XCBuildConfiguration;
			buildSettings = {
				BUNDLE_LOADER = "$(TEST_HOST)";
				FRAMEWORK_SEARCH_PATHS = (
					"$(SDKROOT)/Developer/Library/Frameworks",
					"$(inherited)",
				);
				INFOPLIST_FILE = YouSayTests/Info.plist;
				LD_RUNPATH_SEARCH_PATHS = "$(inherited) @executable_path/Frameworks @loader_path/Frameworks";
				PRODUCT_NAME = "$(TARGET_NAME)";
				TEST_HOST = "$(BUILT_PRODUCTS_DIR)/YouSay.app/YouSay";
			};
			name = Release;
		};
/* End XCBuildConfiguration section */

/* Begin XCConfigurationList section */
		5E0168F01AE77BD4006313F2 /* Build configuration list for PBXProject "YouSay" */ = {
			isa = XCConfigurationList;
			buildConfigurations = (
				5E0169121AE77BD4006313F2 /* Debug */,
				5E0169131AE77BD4006313F2 /* Release */,
			);
			defaultConfigurationIsVisible = 0;
			defaultConfigurationName = Release;
		};
		5E0169141AE77BD4006313F2 /* Build configuration list for PBXNativeTarget "YouSay" */ = {
			isa = XCConfigurationList;
			buildConfigurations = (
				5E0169151AE77BD4006313F2 /* Debug */,
				5E0169161AE77BD4006313F2 /* Release */,
			);
			defaultConfigurationIsVisible = 0;
			defaultConfigurationName = Release;
		};
		5E0169171AE77BD4006313F2 /* Build configuration list for PBXNativeTarget "YouSayTests" */ = {
			isa = XCConfigurationList;
			buildConfigurations = (
				5E0169181AE77BD4006313F2 /* Debug */,
				5E0169191AE77BD4006313F2 /* Release */,
			);
			defaultConfigurationIsVisible = 0;
			defaultConfigurationName = Release;
		};
/* End XCConfigurationList section */
	};
	rootObject = 5E0168ED1AE77BD4006313F2 /* Project object */;
}
